{
  "requires": true,
  "lockfileVersion": 1,
  "dependencies": {
    "@types/d3": {
      "version": "3.5.44",
      "resolved": "https://registry.npmjs.org/@types/d3/-/d3-3.5.44.tgz",
      "integrity": "sha512-hFEcf03YGJ2uQoDYEp3nFD5mXWxly5kf6KOstuOQFEs9sUCN7kNlKhcYkpZ3gK6PiHz4XRLkoHa80NVCJNeLBw==",
      "dev": true
    },
    "@types/plotly.js": {
      "version": "1.54.7",
      "resolved": "https://registry.npmjs.org/@types/plotly.js/-/plotly.js-1.54.7.tgz",
      "integrity": "sha512-4oNu0FHeMnL7ZB45MOs+MEstw0GvCVBRg2YvABrIPbN/hy65wg0Cy8Z0pyGwAXaXL9BeXjJJhQqFawjwZgobbQ==",
      "dev": true,
      "requires": {
        "@types/d3": "^3"
      }
    }
  }
}
